
Microsoft Visual Studio Solution File, Format Version 12.00
# Visual Studio Version 17
VisualStudioVersion = 17.14.36414.22
MinimumVisualStudioVersion = 10.0.40219.1
Project("{FAE04EC0-301F-11D3-BF4B-00C04F79EFBC}") = "CapaPresentacion", "CapaPresentacion.csproj", "{0E763710-D285-4D55-9B41-E0FD472A6939}"
EndProject
Project("{FAE04EC0-301F-11D3-BF4B-00C04F79EFBC}") = "DatosCapa", "..\DatosCapa\DatosCapa.csproj", "{6FD6DA25-B3E2-4C2A-A403-B56B3D599163}"
EndProject
Project("{FAE04EC0-301F-11D3-BF4B-00C04F79EFBC}") = "EntidadCapa", "..\EntidadCapa\EntidadCapa.csproj", "{39F5843E-739B-4462-B59E-2BB4B87B8246}"
EndProject
Project("{FAE04EC0-301F-11D3-BF4B-00C04F79EFBC}") = "NegocioCapa", "..\NegocioCapa\NegocioCapa.csproj", "{1567F4F9-05F9-42B4-89D3-A14AA4468AB2}"
EndProject
Global
	GlobalSection(SolutionConfigurationPlatforms) = preSolution
		Debug|Any CPU = Debug|Any CPU
		Release|Any CPU = Release|Any CPU
	EndGlobalSection
	GlobalSection(ProjectConfigurationPlatforms) = postSolution
		{0E763710-D285-4D55-9B41-E0FD472A6939}.Debug|Any CPU.ActiveCfg = Debug|Any CPU
		{0E763710-D285-4D55-9B41-E0FD472A6939}.Debug|Any CPU.Build.0 = Debug|Any CPU
		{0E763710-D285-4D55-9B41-E0FD472A6939}.Release|Any CPU.ActiveCfg = Release|Any CPU
		{0E763710-D285-4D55-9B41-E0FD472A6939}.Release|Any CPU.Build.0 = Release|Any CPU
		{6FD6DA25-B3E2-4C2A-A403-B56B3D599163}.Debug|Any CPU.ActiveCfg = Debug|Any CPU
		{6FD6DA25-B3E2-4C2A-A403-B56B3D599163}.Debug|Any CPU.Build.0 = Debug|Any CPU
		{6FD6DA25-B3E2-4C2A-A403-B56B3D599163}.Release|Any CPU.ActiveCfg = Release|Any CPU
		{6FD6DA25-B3E2-4C2A-A403-B56B3D599163}.Release|Any CPU.Build.0 = Release|Any CPU
		{39F5843E-739B-4462-B59E-2BB4B87B8246}.Debug|Any CPU.ActiveCfg = Debug|Any CPU
		{39F5843E-739B-4462-B59E-2BB4B87B8246}.Debug|Any CPU.Build.0 = Debug|Any CPU
		{39F5843E-739B-4462-B59E-2BB4B87B8246}.Release|Any CPU.ActiveCfg = Release|Any CPU
		{39F5843E-739B-4462-B59E-2BB4B87B8246}.Release|Any CPU.Build.0 = Release|Any CPU
		{1567F4F9-05F9-42B4-89D3-A14AA4468AB2}.Debug|Any CPU.ActiveCfg = Debug|Any CPU
		{1567F4F9-05F9-42B4-89D3-A14AA4468AB2}.Debug|Any CPU.Build.0 = Debug|Any CPU
		{1567F4F9-05F9-42B4-89D3-A14AA4468AB2}.Release|Any CPU.ActiveCfg = Release|Any CPU
		{1567F4F9-05F9-42B4-89D3-A14AA4468AB2}.Release|Any CPU.Build.0 = Release|Any CPU
	EndGlobalSection
	GlobalSection(SolutionProperties) = preSolution
		HideSolutionNode = FALSE
	EndGlobalSection
	GlobalSection(ExtensibilityGlobals) = postSolution
		SolutionGuid = {F511451F-67FC-4F9C-BACF-6A79865D6C87}
	EndGlobalSection
EndGlobal
